
Microsoft Visual Studio Solution File, Format Version 12.00
# Visual Studio Version 17
VisualStudioVersion = 17.9.34728.123
MinimumVisualStudioVersion = 10.0.40219.1
Project("{FAE04EC0-301F-11D3-BF4B-00C04F79EFBC}") = "BitkiTakipSystemMVC", "BitkiTakipSystemMVC\BitkiTakipSystemMVC.csproj", "{5F16C532-4458-4604-9E0E-794D1AB8F4BE}"
EndProject
Global
	GlobalSection(SolutionConfigurationPlatforms) = preSolution
		Debug|Any CPU = Debug|Any CPU
		Release|Any CPU = Release|Any CPU
	EndGlobalSection
	GlobalSection(ProjectConfigurationPlatforms) = postSolution
		{5F16C532-4458-4604-9E0E-794D1AB8F4BE}.Debug|Any CPU.ActiveCfg = Debug|Any CPU
		{5F16C532-4458-4604-9E0E-794D1AB8F4BE}.Debug|Any CPU.Build.0 = Debug|Any CPU
		{5F16C532-4458-4604-9E0E-794D1AB8F4BE}.Release|Any CPU.ActiveCfg = Release|Any CPU
		{5F16C532-4458-4604-9E0E-794D1AB8F4BE}.Release|Any CPU.Build.0 = Release|Any CPU
	EndGlobalSection
	GlobalSection(SolutionProperties) = preSolution
		HideSolutionNode = FALSE
	EndGlobalSection
	GlobalSection(ExtensibilityGlobals) = postSolution
		SolutionGuid = {6D2C1712-AB79-490A-84AE-62B0B02AE44C}
	EndGlobalSection
EndGlobal
